{
  "name": "test-cli-config-full",
  "version": "1.0.0",
  "lockfileVersion": 3,
  "requires": true,
  "packages": {
    "": {
      "name": "test-cli-config-full",
      "version": "1.0.0",
      "license": "MIT",
      "dependencies": {
        "test-cli-config-full": "file:"
      }
    },
    "node_modules/test-cli-config-full": {
      "resolved": "",
      "link": true
    }
  }
}
