{
  "name": "project-src",
  "version": "0.1.0",
  "lockfileVersion": 2,
  "requires": true,
  "packages": {
    "": {
      "name": "project-src",
      "version": "0.1.0",
      "dependencies": {
        "project-src": "file:"
      }
    },
    "node_modules/project-src": {
      "resolved": "",
      "link": true
    }
  },
  "dependencies": {
    "project-src": {
      "version": "file:",
      "requires": {
        "project-src": "file:"
      }
    }
  }
}
