{
  "name": "test-cli-next-app-src",
  "version": "0.1.0",
  "lockfileVersion": 3,
  "requires": true,
  "packages": {
    "": {
      "name": "test-cli-next-app-src",
      "version": "0.1.0",
      "dependencies": {
        "test-cli-next-app-src": "file:"
      }
    },
    "node_modules/test-cli-next-app-src": {
      "resolved": "",
      "link": true
    }
  }
}
