{
  "name": "text-cli-next-src",
  "version": "0.1.0",
  "lockfileVersion": 3,
  "requires": true,
  "packages": {
    "": {
      "name": "text-cli-next-src",
      "version": "0.1.0",
      "dependencies": {
        "text-cli-next-src": "file:"
      }
    },
    "node_modules/text-cli-next-src": {
      "resolved": "",
      "link": true
    }
  }
}
