{
  "name": "test-cli-project-npm",
  "version": "1.0.0",
  "lockfileVersion": 2,
  "requires": true,
  "packages": {
    "": {
      "name": "test-cli-project-npm",
      "version": "1.0.0",
      "license": "MIT",
      "dependencies": {
        "test-cli-project-npm": "file:"
      }
    },
    "node_modules/test-cli-project-npm": {
      "resolved": "",
      "link": true
    }
  },
  "dependencies": {
    "test-cli-project-npm": {
      "version": "file:",
      "requires": {
        "test-cli-project-npm": "file:"
      }
    }
  }
}
